
Microsoft Visual Studio Solution File, Format Version 12.00
# Visual Studio Version 17
VisualStudioVersion = 17.5.33414.496
MinimumVisualStudioVersion = 10.0.40219.1
Project("{FAE04EC0-301F-11D3-BF4B-00C04F79EFBC}") = "ActividadAC_SH_AG", "ActividadAC_SH_AG.csproj", "{47A05091-A593-4AF5-B318-4965D1F9A417}"
EndProject
Global
	GlobalSection(SolutionConfigurationPlatforms) = preSolution
		Debug|Any CPU = Debug|Any CPU
		Release|Any CPU = Release|Any CPU
	EndGlobalSection
	GlobalSection(ProjectConfigurationPlatforms) = postSolution
		{47A05091-A593-4AF5-B318-4965D1F9A417}.Debug|Any CPU.ActiveCfg = Debug|Any CPU
		{47A05091-A593-4AF5-B318-4965D1F9A417}.Debug|Any CPU.Build.0 = Debug|Any CPU
		{47A05091-A593-4AF5-B318-4965D1F9A417}.Release|Any CPU.ActiveCfg = Release|Any CPU
		{47A05091-A593-4AF5-B318-4965D1F9A417}.Release|Any CPU.Build.0 = Release|Any CPU
	EndGlobalSection
	GlobalSection(SolutionProperties) = preSolution
		HideSolutionNode = FALSE
	EndGlobalSection
	GlobalSection(ExtensibilityGlobals) = postSolution
		SolutionGuid = {69325631-4171-4896-A8A9-DD664915B6FE}
	EndGlobalSection
EndGlobal
